dependencies:
- name: postgresql
  repository: https://charts.bitnami.com/bitnami
  version: 11.6.12
- name: rabbitmq
  repository: https://charts.bitnami.com/bitnami
  version: 10.1.11
digest: sha256:edecad776cec05ecbe098c332b7b02b8f55e051e395e6f626d89ee55271285a0
generated: "2023-09-27T10:24:01.662116324-05:00"
