dependencies:
- name: redis
  repository: https://charts.bitnami.com/bitnami
  version: 15.4.0
- name: postgresql
  repository: https://charts.bitnami.com/bitnami
  version: 8.6.9
- name: rabbitmq
  repository: https://charts.bitnami.com/bitnami
  version: 6.19.2
digest: sha256:70d12840468ed84f39758da5c5bb1b62247199b7a798e04dcf294cc02f74ce0b
generated: "2021-10-04T12:51:55.0317092-05:00"
